// !$*UTF8*$!
{
	archiveVersion = 1;
	classes = {
	};
	objectVersion = 50;
	objects = {

/* Begin PBXBuildFile section */
		916507A8222FAFB500FC1351 /* AppDelegate.m in Sources */ = {isa = PBXBuildFile; fileRef = 916507A7222FAFB500FC1351 /* AppDelegate.m */; };
		916507AB222FAFB500FC1351 /* ViewController.m in Sources */ = {isa = PBXBuildFile; fileRef = 916507AA222FAFB500FC1351 /* ViewController.m */; };
		916507AE222FAFB500FC1351 /* Main.storyboard in Resources */ = {isa = PBXBuildFile; fileRef = 916507AC222FAFB500FC1351 /* Main.storyboard */; };
		916507B0222FAFB700FC1351 /* Assets.xcassets in Resources */ = {isa = PBXBuildFile; fileRef = 916507AF222FAFB700FC1351 /* Assets.xcassets */; };
		916507B3222FAFB700FC1351 /* LaunchScreen.storyboard in Resources */ = {isa = PBXBuildFile; fileRef = 916507B1222FAFB700FC1351 /* LaunchScreen.storyboard */; };
		916507B6222FAFB700FC1351 /* main.m in Sources */ = {isa = PBXBuildFile; fileRef = 916507B5222FAFB700FC1351 /* main.m */; };
		916507BE222FB1D400FC1351 /* PLWebViewController.m in Sources */ = {isa = PBXBuildFile; fileRef = 916507BD222FB1D400FC1351 /* PLWebViewController.m */; };
		916507C0222FB9D700FC1351 /* PLWKWebView.bundle in Resources */ = {isa = PBXBuildFile; fileRef = 916507BF222FB9D700FC1351 /* PLWKWebView.bundle */; };
/* End PBXBuildFile section */

/* Begin PBXFileReference section */
		915F47602230B5C7004A1221 /* FitFunSystemTool.h */ = {isa = PBXFileReference; lastKnownFileType = sourcecode.c.h; path = FitFunSystemTool.h; sourceTree = "<group>"; };
		916507A3222FAFB500FC1351 /* PLWKWebViewController.app */ = {isa = PBXFileReference; explicitFileType = wrapper.application; includeInIndex = 0; path = PLWKWebViewController.app; sourceTree = BUILT_PRODUCTS_DIR; };
		916507A6222FAFB500FC1351 /* AppDelegate.h */ = {isa = PBXFileReference; lastKnownFileType = sourcecode.c.h; path = AppDelegate.h; sourceTree = "<group>"; };
		916507A7222FAFB500FC1351 /* AppDelegate.m */ = {isa = PBXFileReference; lastKnownFileType = sourcecode.c.objc; path = AppDelegate.m; sourceTree = "<group>"; };
		916507A9222FAFB500FC1351 /* ViewController.h */ = {isa = PBXFileReference; lastKnownFileType = sourcecode.c.h; path = ViewController.h; sourceTree = "<group>"; };
		916507AA222FAFB500FC1351 /* ViewController.m */ = {isa = PBXFileReference; lastKnownFileType = sourcecode.c.objc; path = ViewController.m; sourceTree = "<group>"; };
		916507AD222FAFB500FC1351 /* Base */ = {isa = PBXFileReference; lastKnownFileType = file.storyboard; name = Base; path = Base.lproj/Main.storyboard; sourceTree = "<group>"; };
		916507AF222FAFB700FC1351 /* Assets.xcassets */ = {isa = PBXFileReference; lastKnownFileType = folder.assetcatalog; path = Assets.xcassets; sourceTree = "<group>"; };
		916507B2222FAFB700FC1351 /* Base */ = {isa = PBXFileReference; lastKnownFileType = file.storyboard; name = Base; path = Base.lproj/LaunchScreen.storyboard; sourceTree = "<group>"; };
		916507B4222FAFB700FC1351 /* Info.plist */ = {isa = PBXFileReference; lastKnownFileType = text.plist.xml; path = Info.plist; sourceTree = "<group>"; };
		916507B5222FAFB700FC1351 /* main.m */ = {isa = PBXFileReference; lastKnownFileType = sourcecode.c.objc; path = main.m; sourceTree = "<group>"; };
		916507BC222FB1D400FC1351 /* PLWebViewController.h */ = {isa = PBXFileReference; lastKnownFileType = sourcecode.c.h; path = PLWebViewController.h; sourceTree = "<group>"; };
		916507BD222FB1D400FC1351 /* PLWebViewController.m */ = {isa = PBXFileReference; lastKnownFileType = sourcecode.c.objc; path = PLWebViewController.m; sourceTree = "<group>"; };
		916507BF222FB9D700FC1351 /* PLWKWebView.bundle */ = {isa = PBXFileReference; lastKnownFileType = "wrapper.plug-in"; path = PLWKWebView.bundle; sourceTree = "<group>"; };
/* End PBXFileReference section */

/* Begin PBXFrameworksBuildPhase section */
		916507A0222FAFB500FC1351 /* Frameworks */ = {
			isa = PBXFrameworksBuildPhase;
			buildActionMask = 2147483647;
			files = (
			);
			runOnlyForDeploymentPostprocessing = 0;
		};
/* End PBXFrameworksBuildPhase section */

/* Begin PBXGroup section */
		9165079A222FAFB500FC1351 = {
			isa = PBXGroup;
			children = (
				916507A5222FAFB500FC1351 /* PLWKWebViewController */,
				916507A4222FAFB500FC1351 /* Products */,
			);
			sourceTree = "<group>";
		};
		916507A4222FAFB500FC1351 /* Products */ = {
			isa = PBXGroup;
			children = (
				916507A3222FAFB500FC1351 /* PLWKWebViewController.app */,
			);
			name = Products;
			sourceTree = "<group>";
		};
		916507A5222FAFB500FC1351 /* PLWKWebViewController */ = {
			isa = PBXGroup;
			children = (
				916507A6222FAFB500FC1351 /* AppDelegate.h */,
				916507A7222FAFB500FC1351 /* AppDelegate.m */,
				916507A9222FAFB500FC1351 /* ViewController.h */,
				916507AA222FAFB500FC1351 /* ViewController.m */,
				915F47602230B5C7004A1221 /* FitFunSystemTool.h */,
				916507BC222FB1D400FC1351 /* PLWebViewController.h */,
				916507BD222FB1D400FC1351 /* PLWebViewController.m */,
				916507AC222FAFB500FC1351 /* Main.storyboard */,
				916507AF222FAFB700FC1351 /* Assets.xcassets */,
				916507B1222FAFB700FC1351 /* LaunchScreen.storyboard */,
				916507B4222FAFB700FC1351 /* Info.plist */,
				916507B5222FAFB700FC1351 /* main.m */,
				916507BF222FB9D700FC1351 /* PLWKWebView.bundle */,
			);
			path = PLWKWebViewController;
			sourceTree = "<group>";
		};
/* End PBXGroup section */

/* Begin PBXNativeTarget section */
		916507A2222FAFB500FC1351 /* PLWKWebViewController */ = {
			isa = PBXNativeTarget;
			buildConfigurationList = 916507B9222FAFB700FC1351 /* Build configuration list for PBXNativeTarget "PLWKWebViewController" */;
			buildPhases = (
				9165079F222FAFB500FC1351 /* Sources */,
				916507A0222FAFB500FC1351 /* Frameworks */,
				916507A1222FAFB500FC1351 /* Resources */,
			);
			buildRules = (
			);
			dependencies = (
			);
			name = PLWKWebViewController;
			productName = PLWKWebViewController;
			productReference = 916507A3222FAFB500FC1351 /* PLWKWebViewController.app */;
			productType = "com.apple.product-type.application";
		};
/* End PBXNativeTarget section */

/* Begin PBXProject section */
		9165079B222FAFB500FC1351 /* Project object */ = {
			isa = PBXProject;
			attributes = {
				LastUpgradeCheck = 1010;
				ORGANIZATIONNAME = penglei;
				TargetAttributes = {
					916507A2222FAFB500FC1351 = {
						CreatedOnToolsVersion = 10.1;
					};
				};
			};
			buildConfigurationList = 9165079E222FAFB500FC1351 /* Build configuration list for PBXProject "PLWKWebViewController" */;
			compatibilityVersion = "Xcode 9.3";
			developmentRegion = en;
			hasScannedForEncodings = 0;
			knownRegions = (
				en,
				Base,
			);
			mainGroup = 9165079A222FAFB500FC1351;
			productRefGroup = 916507A4222FAFB500FC1351 /* Products */;
			projectDirPath = "";
			projectRoot = "";
			targets = (
				916507A2222FAFB500FC1351 /* PLWKWebViewController */,
			);
		};
/* End PBXProject section */

/* Begin PBXResourcesBuildPhase section */
		916507A1222FAFB500FC1351 /* Resources */ = {
			isa = PBXResourcesBuildPhase;
			buildActionMask = 2147483647;
			files = (
				916507B3222FAFB700FC1351 /* LaunchScreen.storyboard in Resources */,
				916507C0222FB9D700FC1351 /* PLWKWebView.bundle in Resources */,
				916507B0222FAFB700FC1351 /* Assets.xcassets in Resources */,
				916507AE222FAFB500FC1351 /* Main.storyboard in Resources */,
			);
			runOnlyForDeploymentPostprocessing = 0;
		};
/* End PBXResourcesBuildPhase section */

/* Begin PBXSourcesBuildPhase section */
		9165079F222FAFB500FC1351 /* Sources */ = {
			isa = PBXSourcesBuildPhase;
			buildActionMask = 2147483647;
			files = (
				916507AB222FAFB500FC1351 /* ViewController.m in Sources */,
				916507BE222FB1D400FC1351 /* PLWebViewController.m in Sources */,
				916507B6222FAFB700FC1351 /* main.m in Sources */,
				916507A8222FAFB500FC1351 /* AppDelegate.m in Sources */,
			);
			runOnlyForDeploymentPostprocessing = 0;
		};
/* End PBXSourcesBuildPhase section */

/* Begin PBXVariantGroup section */
		916507AC222FAFB500FC1351 /* Main.storyboard */ = {
			isa = PBXVariantGroup;
			children = (
				916507AD222FAFB500FC1351 /* Base */,
			);
			name = Main.storyboard;
			sourceTree = "<group>";
		};
		916507B1222FAFB700FC1351 /* LaunchScreen.storyboard */ = {
			isa = PBXVariantGroup;
			children = (
				916507B2222FAFB700FC1351 /* Base */,
			);
			name = LaunchScreen.storyboard;
			sourceTree = "<group>";
		};
/* End PBXVariantGroup section */

/* Begin XCBuildConfiguration section */
		916507B7222FAFB700FC1351 /* Debug */ = {
			isa = XCBuildConfiguration;
			buildSettings = {
				ALWAYS_SEARCH_USER_PATHS = NO;
				CLANG_ANALYZER_NONNULL = YES;
				CLANG_ANALYZER_NUMBER_OBJECT_CONVERSION = YES_AGGRESSIVE;
				CLANG_CXX_LANGUAGE_STANDARD = "gnu++14";
				CLANG_CXX_LIBRARY = "libc++";
				CLANG_ENABLE_MODULES = YES;
				CLANG_ENABLE_OBJC_ARC = YES;
				CLANG_ENABLE_OBJC_WEAK = YES;
				CLANG_WARN_BLOCK_CAPTURE_AUTORELEASING = YES;
				CLANG_WARN_BOOL_CONVERSION = YES;
				CLANG_WARN_COMMA = YES;
				CLANG_WARN_CONSTANT_CONVERSION = YES;
				CLANG_WARN_DEPRECATED_OBJC_IMPLEMENTATIONS = YES;
				CLANG_WARN_DIRECT_OBJC_ISA_USAGE = YES_ERROR;
				CLANG_WARN_DOCUMENTATION_COMMENTS = YES;
				CLANG_WARN_EMPTY_BODY = YES;
				CLANG_WARN_ENUM_CONVERSION = YES;
				CLANG_WARN_INFINITE_RECURSION = YES;
				CLANG_WARN_INT_CONVERSION = YES;
				CLANG_WARN_NON_LITERAL_NULL_CONVERSION = YES;
				CLANG_WARN_OBJC_IMPLICIT_RETAIN_SELF = YES;
				CLANG_WARN_OBJC_LITERAL_CONVERSION = YES;
				CLANG_WARN_OBJC_ROOT_CLASS = YES_ERROR;
				CLANG_WARN_RANGE_LOOP_ANALYSIS = YES;
				CLANG_WARN_STRICT_PROTOTYPES = YES;
				CLANG_WARN_SUSPICIOUS_MOVE = YES;
				CLANG_WARN_UNGUARDED_AVAILABILITY = YES_AGGRESSIVE;
				CLANG_WARN_UNREACHABLE_CODE = YES;
				CLANG_WARN__DUPLICATE_METHOD_MATCH = YES;
				CODE_SIGN_IDENTITY = "iPhone Developer";
				COPY_PHASE_STRIP = NO;
				DEBUG_INFORMATION_FORMAT = dwarf;
				ENABLE_STRICT_OBJC_MSGSEND = YES;
				ENABLE_TESTABILITY = YES;
				GCC_C_LANGUAGE_STANDARD = gnu11;
				GCC_DYNAMIC_NO_PIC = NO;
				GCC_NO_COMMON_BLOCKS = YES;
				GCC_OPTIMIZATION_LEVEL = 0;
				GCC_PREPROCESSOR_DEFINITIONS = (
					"DEBUG=1",
					"$(inherited)",
				);
				GCC_WARN_64_TO_32_BIT_CONVERSION = YES;
				GCC_WARN_ABOUT_RETURN_TYPE = YES_ERROR;
				GCC_WARN_UNDECLARED_SELECTOR = YES;
				GCC_WARN_UNINITIALIZED_AUTOS = YES_AGGRESSIVE;
				GCC_WARN_UNUSED_FUNCTION = YES;
				GCC_WARN_UNUSED_VARIABLE = YES;
				IPHONEOS_DEPLOYMENT_TARGET = 12.1;
				MTL_ENABLE_DEBUG_INFO = INCLUDE_SOURCE;
				MTL_FAST_MATH = YES;
				ONLY_ACTIVE_ARCH = YES;
				SDKROOT = iphoneos;
			};
			name = Debug;
		};
		916507B8222FAFB700FC1351 /* Release */ = {
			isa = XCBuildConfiguration;
			buildSettings = {
				ALWAYS_SEARCH_USER_PATHS = NO;
				CLANG_ANALYZER_NONNULL = YES;
				CLANG_ANALYZER_NUMBER_OBJECT_CONVERSION = YES_AGGRESSIVE;
				CLANG_CXX_LANGUAGE_STANDARD = "gnu++14";
				CLANG_CXX_LIBRARY = "libc++";
				CLANG_ENABLE_MODULES = YES;
				CLANG_ENABLE_OBJC_ARC = YES;
				CLANG_ENABLE_OBJC_WEAK = YES;
				CLANG_WARN_BLOCK_CAPTURE_AUTORELEASING = YES;
				CLANG_WARN_BOOL_CONVERSION = YES;
				CLANG_WARN_COMMA = YES;
				CLANG_WARN_CONSTANT_CONVERSION = YES;
				CLANG_WARN_DEPRECATED_OBJC_IMPLEMENTATIONS = YES;
				CLANG_WARN_DIRECT_OBJC_ISA_USAGE = YES_ERROR;
				CLANG_WARN_DOCUMENTATION_COMMENTS = YES;
				CLANG_WARN_EMPTY_BODY = YES;
				CLANG_WARN_ENUM_CONVERSION = YES;
				CLANG_WARN_INFINITE_RECURSION = YES;
				CLANG_WARN_INT_CONVERSION = YES;
				CLANG_WARN_NON_LITERAL_NULL_CONVERSION = YES;
				CLANG_WARN_OBJC_IMPLICIT_RETAIN_SELF = YES;
				CLANG_WARN_OBJC_LITERAL_CONVERSION = YES;
				CLANG_WARN_OBJC_ROOT_CLASS = YES_ERROR;
				CLANG_WARN_RANGE_LOOP_ANALYSIS = YES;
				CLANG_WARN_STRICT_PROTOTYPES = YES;
				CLANG_WARN_SUSPICIOUS_MOVE = YES;
				CLANG_WARN_UNGUARDED_AVAILABILITY = YES_AGGRESSIVE;
				CLANG_WARN_UNREACHABLE_CODE = YES;
				CLANG_WARN__DUPLICATE_METHOD_MATCH = YES;
				CODE_SIGN_IDENTITY = "iPhone Developer";
				COPY_PHASE_STRIP = NO;
				DEBUG_INFORMATION_FORMAT = "dwarf-with-dsym";
				ENABLE_NS_ASSERTIONS = NO;
				ENABLE_STRICT_OBJC_MSGSEND = YES;
				GCC_C_LANGUAGE_STANDARD = gnu11;
				GCC_NO_COMMON_BLOCKS = YES;
				GCC_WARN_64_TO_32_BIT_CONVERSION = YES;
				GCC_WARN_ABOUT_RETURN_TYPE = YES_ERROR;
				GCC_WARN_UNDECLARED_SELECTOR = YES;
				GCC_WARN_UNINITIALIZED_AUTOS = YES_AGGRESSIVE;
				GCC_WARN_UNUSED_FUNCTION = YES;
				GCC_WARN_UNUSED_VARIABLE = YES;
				IPHONEOS_DEPLOYMENT_TARGET = 12.1;
				MTL_ENABLE_DEBUG_INFO = NO;
				MTL_FAST_MATH = YES;
				SDKROOT = iphoneos;
				VALIDATE_PRODUCT = YES;
			};
			name = Release;
		};
		916507BA222FAFB700FC1351 /* Debug */ = {
			isa = XCBuildConfiguration;
			buildSettings = {
				ASSETCATALOG_COMPILER_APPICON_NAME = AppIcon;
				CODE_SIGN_STYLE = Automatic;
				DEVELOPMENT_TEAM = LP8F2AW9J7;
				INFOPLIST_FILE = PLWKWebViewController/Info.plist;
				LD_RUNPATH_SEARCH_PATHS = (
					"$(inherited)",
					"@executable_path/Frameworks",
				);
				PRODUCT_BUNDLE_IDENTIFIER = com.pengleip.sina.PLWKWebViewController;
				PRODUCT_NAME = "$(TARGET_NAME)";
				TARGETED_DEVICE_FAMILY = "1,2";
			};
			name = Debug;
		};
		916507BB222FAFB700FC1351 /* Release */ = {
			isa = XCBuildConfiguration;
			buildSettings = {
				ASSETCATALOG_COMPILER_APPICON_NAME = AppIcon;
				CODE_SIGN_STYLE = Automatic;
				DEVELOPMENT_TEAM = LP8F2AW9J7;
				INFOPLIST_FILE = PLWKWebViewController/Info.plist;
				LD_RUNPATH_SEARCH_PATHS = (
					"$(inherited)",
					"@executable_path/Frameworks",
				);
				PRODUCT_BUNDLE_IDENTIFIER = com.pengleip.sina.PLWKWebViewController;
				PRODUCT_NAME = "$(TARGET_NAME)";
				TARGETED_DEVICE_FAMILY = "1,2";
			};
			name = Release;
		};
/* End XCBuildConfiguration section */

/* Begin XCConfigurationList section */
		9165079E222FAFB500FC1351 /* Build configuration list for PBXProject "PLWKWebViewController" */ = {
			isa = XCConfigurationList;
			buildConfigurations = (
				916507B7222FAFB700FC1351 /* Debug */,
				916507B8222FAFB700FC1351 /* Release */,
			);
			defaultConfigurationIsVisible = 0;
			defaultConfigurationName = Release;
		};
		916507B9222FAFB700FC1351 /* Build configuration list for PBXNativeTarget "PLWKWebViewController" */ = {
			isa = XCConfigurationList;
			buildConfigurations = (
				916507BA222FAFB700FC1351 /* Debug */,
				916507BB222FAFB700FC1351 /* Release */,
			);
			defaultConfigurationIsVisible = 0;
			defaultConfigurationName = Release;
		};
/* End XCConfigurationList section */
	};
	rootObject = 9165079B222FAFB500FC1351 /* Project object */;
}
